// !$*UTF8*$!
{
	archiveVersion = 1;
	classes = {
	};
	objectVersion = 56;
	objects = {

/* Begin PBXBuildFile section */
		5A24642D2C676DF90058AE01 /* AddItemView.swift in Sources */ = {isa = PBXBuildFile; fileRef = 5A24642C2C676DF90058AE01 /* AddItemView.swift */; };
		5A24642F2C6774B70058AE01 /* ListRowView.swift in Sources */ = {isa = PBXBuildFile; fileRef = 5A24642E2C6774B70058AE01 /* ListRowView.swift */; };
		5A2464312C6776480058AE01 /* ListView.swift in Sources */ = {isa = PBXBuildFile; fileRef = 5A2464302C6776480058AE01 /* ListView.swift */; };
		5A4F24C52C64DCE600EEABA2 /* ToDoListApp.swift in Sources */ = {isa = PBXBuildFile; fileRef = 5A4F24C42C64DCE600EEABA2 /* ToDoListApp.swift */; };
		5A4F24C72C64DCE600EEABA2 /* ContentView.swift in Sources */ = {isa = PBXBuildFile; fileRef = 5A4F24C62C64DCE600EEABA2 /* ContentView.swift */; };
		5A4F24C92C64DCE800EEABA2 /* Assets.xcassets in Resources */ = {isa = PBXBuildFile; fileRef = 5A4F24C82C64DCE800EEABA2 /* Assets.xcassets */; };
		5A4F24CC2C64DCE800EEABA2 /* Preview Assets.xcassets in Resources */ = {isa = PBXBuildFile; fileRef = 5A4F24CB2C64DCE800EEABA2 /* Preview Assets.xcassets */; };
		5A4F24D12C64DCE800EEABA2 /* ToDoItem.xcdatamodeld in Sources */ = {isa = PBXBuildFile; fileRef = 5A4F24CF2C64DCE800EEABA2 /* ToDoItem.xcdatamodeld */; };
		5A652DC42C66657E000B85B2 /* DataController.swift in Sources */ = {isa = PBXBuildFile; fileRef = 5A652DC32C66657E000B85B2 /* DataController.swift */; };
		5A652DC72C666C0C000B85B2 /* ListViewModel.swift in Sources */ = {isa = PBXBuildFile; fileRef = 5A652DC62C666C0C000B85B2 /* ListViewModel.swift */; };
		5A652DCA2C66716A000B85B2 /* NoItemView.swift in Sources */ = {isa = PBXBuildFile; fileRef = 5A652DC92C66716A000B85B2 /* NoItemView.swift */; };
/* End PBXBuildFile section */

/* Begin PBXFileReference section */
		5A24642C2C676DF90058AE01 /* AddItemView.swift */ = {isa = PBXFileReference; lastKnownFileType = sourcecode.swift; path = AddItemView.swift; sourceTree = "<group>"; };
		5A24642E2C6774B70058AE01 /* ListRowView.swift */ = {isa = PBXFileReference; lastKnownFileType = sourcecode.swift; path = ListRowView.swift; sourceTree = "<group>"; };
		5A2464302C6776480058AE01 /* ListView.swift */ = {isa = PBXFileReference; lastKnownFileType = sourcecode.swift; path = ListView.swift; sourceTree = "<group>"; };
		5A4F24C12C64DCE600EEABA2 /* ToDoList.app */ = {isa = PBXFileReference; explicitFileType = wrapper.application; includeInIndex = 0; path = ToDoList.app; sourceTree = BUILT_PRODUCTS_DIR; };
		5A4F24C42C64DCE600EEABA2 /* ToDoListApp.swift */ = {isa = PBXFileReference; lastKnownFileType = sourcecode.swift; path = ToDoListApp.swift; sourceTree = "<group>"; };
		5A4F24C62C64DCE600EEABA2 /* ContentView.swift */ = {isa = PBXFileReference; lastKnownFileType = sourcecode.swift; path = ContentView.swift; sourceTree = "<group>"; };
		5A4F24C82C64DCE800EEABA2 /* Assets.xcassets */ = {isa = PBXFileReference; lastKnownFileType = folder.assetcatalog; path = Assets.xcassets; sourceTree = "<group>"; };
		5A4F24CB2C64DCE800EEABA2 /* Preview Assets.xcassets */ = {isa = PBXFileReference; lastKnownFileType = folder.assetcatalog; path = "Preview Assets.xcassets"; sourceTree = "<group>"; };
		5A4F24D02C64DCE800EEABA2 /* ToDoList.xcdatamodel */ = {isa = PBXFileReference; lastKnownFileType = wrapper.xcdatamodel; path = ToDoList.xcdatamodel; sourceTree = "<group>"; };
		5A652DC32C66657E000B85B2 /* DataController.swift */ = {isa = PBXFileReference; lastKnownFileType = sourcecode.swift; path = DataController.swift; sourceTree = "<group>"; };
		5A652DC62C666C0C000B85B2 /* ListViewModel.swift */ = {isa = PBXFileReference; lastKnownFileType = sourcecode.swift; path = ListViewModel.swift; sourceTree = "<group>"; };
		5A652DC92C66716A000B85B2 /* NoItemView.swift */ = {isa = PBXFileReference; lastKnownFileType = sourcecode.swift; path = NoItemView.swift; sourceTree = "<group>"; };
/* End PBXFileReference section */

/* Begin PBXFrameworksBuildPhase section */
		5A4F24BE2C64DCE600EEABA2 /* Frameworks */ = {
			isa = PBXFrameworksBuildPhase;
			buildActionMask = 2147483647;
			files = (
			);
			runOnlyForDeploymentPostprocessing = 0;
		};
/* End PBXFrameworksBuildPhase section */

/* Begin PBXGroup section */
		5A4F24B82C64DCE600EEABA2 = {
			isa = PBXGroup;
			children = (
				5A4F24C32C64DCE600EEABA2 /* ToDoList */,
				5A4F24C22C64DCE600EEABA2 /* Products */,
			);
			sourceTree = "<group>";
		};
		5A4F24C22C64DCE600EEABA2 /* Products */ = {
			isa = PBXGroup;
			children = (
				5A4F24C12C64DCE600EEABA2 /* ToDoList.app */,
			);
			name = Products;
			sourceTree = "<group>";
		};
		5A4F24C32C64DCE600EEABA2 /* ToDoList */ = {
			isa = PBXGroup;
			children = (
				5A652DC82C66714D000B85B2 /* View */,
				5A652DC52C666BF8000B85B2 /* ViewModel */,
				5A652DC22C66655A000B85B2 /* Manager */,
				5A4F24C42C64DCE600EEABA2 /* ToDoListApp.swift */,
				5A4F24C62C64DCE600EEABA2 /* ContentView.swift */,
				5A4F24C82C64DCE800EEABA2 /* Assets.xcassets */,
				5A4F24CF2C64DCE800EEABA2 /* ToDoItem.xcdatamodeld */,
				5A4F24CA2C64DCE800EEABA2 /* Preview Content */,
			);
			path = ToDoList;
			sourceTree = "<group>";
		};
		5A4F24CA2C64DCE800EEABA2 /* Preview Content */ = {
			isa = PBXGroup;
			children = (
				5A4F24CB2C64DCE800EEABA2 /* Preview Assets.xcassets */,
			);
			path = "Preview Content";
			sourceTree = "<group>";
		};
		5A652DC22C66655A000B85B2 /* Manager */ = {
			isa = PBXGroup;
			children = (
				5A652DC32C66657E000B85B2 /* DataController.swift */,
			);
			path = Manager;
			sourceTree = "<group>";
		};
		5A652DC52C666BF8000B85B2 /* ViewModel */ = {
			isa = PBXGroup;
			children = (
				5A652DC62C666C0C000B85B2 /* ListViewModel.swift */,
			);
			path = ViewModel;
			sourceTree = "<group>";
		};
		5A652DC82C66714D000B85B2 /* View */ = {
			isa = PBXGroup;
			children = (
				5A652DC92C66716A000B85B2 /* NoItemView.swift */,
				5A24642C2C676DF90058AE01 /* AddItemView.swift */,
				5A24642E2C6774B70058AE01 /* ListRowView.swift */,
				5A2464302C6776480058AE01 /* ListView.swift */,
			);
			path = View;
			sourceTree = "<group>";
		};
/* End PBXGroup section */

/* Begin PBXNativeTarget section */
		5A4F24C02C64DCE600EEABA2 /* ToDoList */ = {
			isa = PBXNativeTarget;
			buildConfigurationList = 5A4F24D42C64DCE800EEABA2 /* Build configuration list for PBXNativeTarget "ToDoList" */;
			buildPhases = (
				5A4F24BD2C64DCE600EEABA2 /* Sources */,
				5A4F24BE2C64DCE600EEABA2 /* Frameworks */,
				5A4F24BF2C64DCE600EEABA2 /* Resources */,
			);
			buildRules = (
			);
			dependencies = (
			);
			name = ToDoList;
			productName = ToDoList;
			productReference = 5A4F24C12C64DCE600EEABA2 /* ToDoList.app */;
			productType = "com.apple.product-type.application";
		};
/* End PBXNativeTarget section */

/* Begin PBXProject section */
		5A4F24B92C64DCE600EEABA2 /* Project object */ = {
			isa = PBXProject;
			attributes = {
				BuildIndependentTargetsInParallel = 1;
				LastSwiftUpdateCheck = 1540;
				LastUpgradeCheck = 1540;
				TargetAttributes = {
					5A4F24C02C64DCE600EEABA2 = {
						CreatedOnToolsVersion = 15.4;
					};
				};
			};
			buildConfigurationList = 5A4F24BC2C64DCE600EEABA2 /* Build configuration list for PBXProject "ToDoList" */;
			compatibilityVersion = "Xcode 14.0";
			developmentRegion = en;
			hasScannedForEncodings = 0;
			knownRegions = (
				en,
				Base,
			);
			mainGroup = 5A4F24B82C64DCE600EEABA2;
			productRefGroup = 5A4F24C22C64DCE600EEABA2 /* Products */;
			projectDirPath = "";
			projectRoot = "";
			targets = (
				5A4F24C02C64DCE600EEABA2 /* ToDoList */,
			);
		};
/* End PBXProject section */

/* Begin PBXResourcesBuildPhase section */
		5A4F24BF2C64DCE600EEABA2 /* Resources */ = {
			isa = PBXResourcesBuildPhase;
			buildActionMask = 2147483647;
			files = (
				5A4F24CC2C64DCE800EEABA2 /* Preview Assets.xcassets in Resources */,
				5A4F24C92C64DCE800EEABA2 /* Assets.xcassets in Resources */,
			);
			runOnlyForDeploymentPostprocessing = 0;
		};
/* End PBXResourcesBuildPhase section */

/* Begin PBXSourcesBuildPhase section */
		5A4F24BD2C64DCE600EEABA2 /* Sources */ = {
			isa = PBXSourcesBuildPhase;
			buildActionMask = 2147483647;
			files = (
				5A652DC72C666C0C000B85B2 /* ListViewModel.swift in Sources */,
				5A4F24C72C64DCE600EEABA2 /* ContentView.swift in Sources */,
				5A24642D2C676DF90058AE01 /* AddItemView.swift in Sources */,
				5A24642F2C6774B70058AE01 /* ListRowView.swift in Sources */,
				5A652DC42C66657E000B85B2 /* DataController.swift in Sources */,
				5A4F24C52C64DCE600EEABA2 /* ToDoListApp.swift in Sources */,
				5A652DCA2C66716A000B85B2 /* NoItemView.swift in Sources */,
				5A4F24D12C64DCE800EEABA2 /* ToDoItem.xcdatamodeld in Sources */,
				5A2464312C6776480058AE01 /* ListView.swift in Sources */,
			);
			runOnlyForDeploymentPostprocessing = 0;
		};
/* End PBXSourcesBuildPhase section */

/* Begin XCBuildConfiguration section */
		5A4F24D22C64DCE800EEABA2 /* Debug */ = {
			isa = XCBuildConfiguration;
			buildSettings = {
				ALWAYS_SEARCH_USER_PATHS = NO;
				ASSETCATALOG_COMPILER_GENERATE_SWIFT_ASSET_SYMBOL_EXTENSIONS = YES;
				CLANG_ANALYZER_NONNULL = YES;
				CLANG_ANALYZER_NUMBER_OBJECT_CONVERSION = YES_AGGRESSIVE;
				CLANG_CXX_LANGUAGE_STANDARD = "gnu++20";
				CLANG_ENABLE_MODULES = YES;
				CLANG_ENABLE_OBJC_ARC = YES;
				CLANG_ENABLE_OBJC_WEAK = YES;
				CLANG_WARN_BLOCK_CAPTURE_AUTORELEASING = YES;
				CLANG_WARN_BOOL_CONVERSION = YES;
				CLANG_WARN_COMMA = YES;
				CLANG_WARN_CONSTANT_CONVERSION = YES;
				CLANG_WARN_DEPRECATED_OBJC_IMPLEMENTATIONS = YES;
				CLANG_WARN_DIRECT_OBJC_ISA_USAGE = YES_ERROR;
				CLANG_WARN_DOCUMENTATION_COMMENTS = YES;
				CLANG_WARN_EMPTY_BODY = YES;
				CLANG_WARN_ENUM_CONVERSION = YES;
				CLANG_WARN_INFINITE_RECURSION = YES;
				CLANG_WARN_INT_CONVERSION = YES;
				CLANG_WARN_NON_LITERAL_NULL_CONVERSION = YES;
				CLANG_WARN_OBJC_IMPLICIT_RETAIN_SELF = YES;
				CLANG_WARN_OBJC_LITERAL_CONVERSION = YES;
				CLANG_WARN_OBJC_ROOT_CLASS = YES_ERROR;
				CLANG_WARN_QUOTED_INCLUDE_IN_FRAMEWORK_HEADER = YES;
				CLANG_WARN_RANGE_LOOP_ANALYSIS = YES;
				CLANG_WARN_STRICT_PROTOTYPES = YES;
				CLANG_WARN_SUSPICIOUS_MOVE = YES;
				CLANG_WARN_UNGUARDED_AVAILABILITY = YES_AGGRESSIVE;
				CLANG_WARN_UNREACHABLE_CODE = YES;
				CLANG_WARN__DUPLICATE_METHOD_MATCH = YES;
				COPY_PHASE_STRIP = NO;
				DEBUG_INFORMATION_FORMAT = dwarf;
				ENABLE_STRICT_OBJC_MSGSEND = YES;
				ENABLE_TESTABILITY = YES;
				ENABLE_USER_SCRIPT_SANDBOXING = YES;
				GCC_C_LANGUAGE_STANDARD = gnu17;
				GCC_DYNAMIC_NO_PIC = NO;
				GCC_NO_COMMON_BLOCKS = YES;
				GCC_OPTIMIZATION_LEVEL = 0;
				GCC_PREPROCESSOR_DEFINITIONS = (
					"DEBUG=1",
					"$(inherited)",
				);
				GCC_WARN_64_TO_32_BIT_CONVERSION = YES;
				GCC_WARN_ABOUT_RETURN_TYPE = YES_ERROR;
				GCC_WARN_UNDECLARED_SELECTOR = YES;
				GCC_WARN_UNINITIALIZED_AUTOS = YES_AGGRESSIVE;
				GCC_WARN_UNUSED_FUNCTION = YES;
				GCC_WARN_UNUSED_VARIABLE = YES;
				IPHONEOS_DEPLOYMENT_TARGET = 17.5;
				LOCALIZATION_PREFERS_STRING_CATALOGS = YES;
				MTL_ENABLE_DEBUG_INFO = INCLUDE_SOURCE;
				MTL_FAST_MATH = YES;
				ONLY_ACTIVE_ARCH = YES;
				SDKROOT = iphoneos;
				SWIFT_ACTIVE_COMPILATION_CONDITIONS = "DEBUG $(inherited)";
				SWIFT_OPTIMIZATION_LEVEL = "-Onone";
			};
			name = Debug;
		};
		5A4F24D32C64DCE800EEABA2 /* Release */ = {
			isa = XCBuildConfiguration;
			buildSettings = {
				ALWAYS_SEARCH_USER_PATHS = NO;
				ASSETCATALOG_COMPILER_GENERATE_SWIFT_ASSET_SYMBOL_EXTENSIONS = YES;
				CLANG_ANALYZER_NONNULL = YES;
				CLANG_ANALYZER_NUMBER_OBJECT_CONVERSION = YES_AGGRESSIVE;
				CLANG_CXX_LANGUAGE_STANDARD = "gnu++20";
				CLANG_ENABLE_MODULES = YES;
				CLANG_ENABLE_OBJC_ARC = YES;
				CLANG_ENABLE_OBJC_WEAK = YES;
				CLANG_WARN_BLOCK_CAPTURE_AUTORELEASING = YES;
				CLANG_WARN_BOOL_CONVERSION = YES;
				CLANG_WARN_COMMA = YES;
				CLANG_WARN_CONSTANT_CONVERSION = YES;
				CLANG_WARN_DEPRECATED_OBJC_IMPLEMENTATIONS = YES;
				CLANG_WARN_DIRECT_OBJC_ISA_USAGE = YES_ERROR;
				CLANG_WARN_DOCUMENTATION_COMMENTS = YES;
				CLANG_WARN_EMPTY_BODY = YES;
				CLANG_WARN_ENUM_CONVERSION = YES;
				CLANG_WARN_INFINITE_RECURSION = YES;
				CLANG_WARN_INT_CONVERSION = YES;
				CLANG_WARN_NON_LITERAL_NULL_CONVERSION = YES;
				CLANG_WARN_OBJC_IMPLICIT_RETAIN_SELF = YES;
				CLANG_WARN_OBJC_LITERAL_CONVERSION = YES;
				CLANG_WARN_OBJC_ROOT_CLASS = YES_ERROR;
				CLANG_WARN_QUOTED_INCLUDE_IN_FRAMEWORK_HEADER = YES;
				CLANG_WARN_RANGE_LOOP_ANALYSIS = YES;
				CLANG_WARN_STRICT_PROTOTYPES = YES;
				CLANG_WARN_SUSPICIOUS_MOVE = YES;
				CLANG_WARN_UNGUARDED_AVAILABILITY = YES_AGGRESSIVE;
				CLANG_WARN_UNREACHABLE_CODE = YES;
				CLANG_WARN__DUPLICATE_METHOD_MATCH = YES;
				COPY_PHASE_STRIP = NO;
				DEBUG_INFORMATION_FORMAT = "dwarf-with-dsym";
				ENABLE_NS_ASSERTIONS = NO;
				ENABLE_STRICT_OBJC_MSGSEND = YES;
				ENABLE_USER_SCRIPT_SANDBOXING = YES;
				GCC_C_LANGUAGE_STANDARD = gnu17;
				GCC_NO_COMMON_BLOCKS = YES;
				GCC_WARN_64_TO_32_BIT_CONVERSION = YES;
				GCC_WARN_ABOUT_RETURN_TYPE = YES_ERROR;
				GCC_WARN_UNDECLARED_SELECTOR = YES;
				GCC_WARN_UNINITIALIZED_AUTOS = YES_AGGRESSIVE;
				GCC_WARN_UNUSED_FUNCTION = YES;
				GCC_WARN_UNUSED_VARIABLE = YES;
				IPHONEOS_DEPLOYMENT_TARGET = 17.5;
				LOCALIZATION_PREFERS_STRING_CATALOGS = YES;
				MTL_ENABLE_DEBUG_INFO = NO;
				MTL_FAST_MATH = YES;
				SDKROOT = iphoneos;
				SWIFT_COMPILATION_MODE = wholemodule;
				VALIDATE_PRODUCT = YES;
			};
			name = Release;
		};
		5A4F24D52C64DCE800EEABA2 /* Debug */ = {
			isa = XCBuildConfiguration;
			buildSettings = {
				ASSETCATALOG_COMPILER_APPICON_NAME = AppIcon;
				ASSETCATALOG_COMPILER_GLOBAL_ACCENT_COLOR_NAME = AccentColor;
				CODE_SIGN_STYLE = Automatic;
				CURRENT_PROJECT_VERSION = 1;
				DEVELOPMENT_ASSET_PATHS = "\"ToDoList/Preview Content\"";
				ENABLE_PREVIEWS = YES;
				GENERATE_INFOPLIST_FILE = YES;
				INFOPLIST_KEY_UIApplicationSceneManifest_Generation = YES;
				INFOPLIST_KEY_UIApplicationSupportsIndirectInputEvents = YES;
				INFOPLIST_KEY_UILaunchScreen_Generation = YES;
				INFOPLIST_KEY_UISupportedInterfaceOrientations_iPad = "UIInterfaceOrientationPortrait UIInterfaceOrientationPortraitUpsideDown UIInterfaceOrientationLandscapeLeft UIInterfaceOrientationLandscapeRight";
				INFOPLIST_KEY_UISupportedInterfaceOrientations_iPhone = "UIInterfaceOrientationPortrait UIInterfaceOrientationLandscapeLeft UIInterfaceOrientationLandscapeRight";
				LD_RUNPATH_SEARCH_PATHS = (
					"$(inherited)",
					"@executable_path/Frameworks",
				);
				MARKETING_VERSION = 1.0;
				PRODUCT_BUNDLE_IDENTIFIER = com.info.ToDoList;
				PRODUCT_NAME = "$(TARGET_NAME)";
				SWIFT_EMIT_LOC_STRINGS = YES;
				SWIFT_VERSION = 5.0;
				TARGETED_DEVICE_FAMILY = "1,2";
			};
			name = Debug;
		};
		5A4F24D62C64DCE800EEABA2 /* Release */ = {
			isa = XCBuildConfiguration;
			buildSettings = {
				ASSETCATALOG_COMPILER_APPICON_NAME = AppIcon;
				ASSETCATALOG_COMPILER_GLOBAL_ACCENT_COLOR_NAME = AccentColor;
				CODE_SIGN_STYLE = Automatic;
				CURRENT_PROJECT_VERSION = 1;
				DEVELOPMENT_ASSET_PATHS = "\"ToDoList/Preview Content\"";
				ENABLE_PREVIEWS = YES;
				GENERATE_INFOPLIST_FILE = YES;
				INFOPLIST_KEY_UIApplicationSceneManifest_Generation = YES;
				INFOPLIST_KEY_UIApplicationSupportsIndirectInputEvents = YES;
				INFOPLIST_KEY_UILaunchScreen_Generation = YES;
				INFOPLIST_KEY_UISupportedInterfaceOrientations_iPad = "UIInterfaceOrientationPortrait UIInterfaceOrientationPortraitUpsideDown UIInterfaceOrientationLandscapeLeft UIInterfaceOrientationLandscapeRight";
				INFOPLIST_KEY_UISupportedInterfaceOrientations_iPhone = "UIInterfaceOrientationPortrait UIInterfaceOrientationLandscapeLeft UIInterfaceOrientationLandscapeRight";
				LD_RUNPATH_SEARCH_PATHS = (
					"$(inherited)",
					"@executable_path/Frameworks",
				);
				MARKETING_VERSION = 1.0;
				PRODUCT_BUNDLE_IDENTIFIER = com.info.ToDoList;
				PRODUCT_NAME = "$(TARGET_NAME)";
				SWIFT_EMIT_LOC_STRINGS = YES;
				SWIFT_VERSION = 5.0;
				TARGETED_DEVICE_FAMILY = "1,2";
			};
			name = Release;
		};
/* End XCBuildConfiguration section */

/* Begin XCConfigurationList section */
		5A4F24BC2C64DCE600EEABA2 /* Build configuration list for PBXProject "ToDoList" */ = {
			isa = XCConfigurationList;
			buildConfigurations = (
				5A4F24D22C64DCE800EEABA2 /* Debug */,
				5A4F24D32C64DCE800EEABA2 /* Release */,
			);
			defaultConfigurationIsVisible = 0;
			defaultConfigurationName = Release;
		};
		5A4F24D42C64DCE800EEABA2 /* Build configuration list for PBXNativeTarget "ToDoList" */ = {
			isa = XCConfigurationList;
			buildConfigurations = (
				5A4F24D52C64DCE800EEABA2 /* Debug */,
				5A4F24D62C64DCE800EEABA2 /* Release */,
			);
			defaultConfigurationIsVisible = 0;
			defaultConfigurationName = Release;
		};
/* End XCConfigurationList section */

/* Begin XCVersionGroup section */
		5A4F24CF2C64DCE800EEABA2 /* ToDoItem.xcdatamodeld */ = {
			isa = XCVersionGroup;
			children = (
				5A4F24D02C64DCE800EEABA2 /* ToDoList.xcdatamodel */,
			);
			currentVersion = 5A4F24D02C64DCE800EEABA2 /* ToDoList.xcdatamodel */;
			path = ToDoItem.xcdatamodeld;
			sourceTree = "<group>";
			versionGroupType = wrapper.xcdatamodel;
		};
/* End XCVersionGroup section */
	};
	rootObject = 5A4F24B92C64DCE600EEABA2 /* Project object */;
}
